
Microsoft Visual Studio Solution File, Format Version 12.00
# Visual Studio Express 2013 for Web
VisualStudioVersion = 12.0.40629.0
MinimumVisualStudioVersion = 10.0.40219.1
Project("{FAE04EC0-301F-11D3-BF4B-00C04F79EFBC}") = "WeatherProject", "WeatherProject\WeatherProject.csproj", "{9FAC3671-4FC2-4251-91A4-0168E21A7E78}"
EndProject
Project("{FAE04EC0-301F-11D3-BF4B-00C04F79EFBC}") = "WeatherProject.Tests", "WeatherProject.Tests\WeatherProject.Tests.csproj", "{3001CED1-25B6-4EFF-8E22-C94A01A9A142}"
EndProject
Global
	GlobalSection(SolutionConfigurationPlatforms) = preSolution
		Debug|Any CPU = Debug|Any CPU
		Release|Any CPU = Release|Any CPU
	EndGlobalSection
	GlobalSection(ProjectConfigurationPlatforms) = postSolution
		{9FAC3671-4FC2-4251-91A4-0168E21A7E78}.Debug|Any CPU.ActiveCfg = Debug|Any CPU
		{9FAC3671-4FC2-4251-91A4-0168E21A7E78}.Debug|Any CPU.Build.0 = Debug|Any CPU
		{9FAC3671-4FC2-4251-91A4-0168E21A7E78}.Release|Any CPU.ActiveCfg = Release|Any CPU
		{9FAC3671-4FC2-4251-91A4-0168E21A7E78}.Release|Any CPU.Build.0 = Release|Any CPU
		{3001CED1-25B6-4EFF-8E22-C94A01A9A142}.Debug|Any CPU.ActiveCfg = Debug|Any CPU
		{3001CED1-25B6-4EFF-8E22-C94A01A9A142}.Debug|Any CPU.Build.0 = Debug|Any CPU
		{3001CED1-25B6-4EFF-8E22-C94A01A9A142}.Release|Any CPU.ActiveCfg = Release|Any CPU
		{3001CED1-25B6-4EFF-8E22-C94A01A9A142}.Release|Any CPU.Build.0 = Release|Any CPU
	EndGlobalSection
	GlobalSection(SolutionProperties) = preSolution
		HideSolutionNode = FALSE
	EndGlobalSection
EndGlobal
